// !$*UTF8*$!
{
	archiveVersion = 1;
	classes = {
	};
	objectVersion = 46;
	objects = {

/* Begin PBXBuildFile section */
		28CC548B200383B9007C75BF /* AppDelegate.swift in Sources */ = {isa = PBXBuildFile; fileRef = 28CC548A200383B9007C75BF /* AppDelegate.swift */; };
		28CC548D200383B9007C75BF /* ViewController.swift in Sources */ = {isa = PBXBuildFile; fileRef = 28CC548C200383B9007C75BF /* ViewController.swift */; };
		28CC5490200383B9007C75BF /* Main.storyboard in Resources */ = {isa = PBXBuildFile; fileRef = 28CC548E200383B9007C75BF /* Main.storyboard */; };
		28CC5493200383B9007C75BF /* CoinObserver.xcdatamodeld in Sources */ = {isa = PBXBuildFile; fileRef = 28CC5491200383B9007C75BF /* CoinObserver.xcdatamodeld */; };
		28CC5495200383B9007C75BF /* Assets.xcassets in Resources */ = {isa = PBXBuildFile; fileRef = 28CC5494200383B9007C75BF /* Assets.xcassets */; };
		28CC5498200383B9007C75BF /* LaunchScreen.storyboard in Resources */ = {isa = PBXBuildFile; fileRef = 28CC5496200383B9007C75BF /* LaunchScreen.storyboard */; };
		28CC54B3200A570A007C75BF /* CoinInfoInteractor.swift in Sources */ = {isa = PBXBuildFile; fileRef = 28CC54B2200A570A007C75BF /* CoinInfoInteractor.swift */; };
		28CC54C82018F035007C75BF /* AlertManager.swift in Sources */ = {isa = PBXBuildFile; fileRef = 28CC54C72018F035007C75BF /* AlertManager.swift */; };
		28CC54CA201B4282007C75BF /* AlertDetailsController.swift in Sources */ = {isa = PBXBuildFile; fileRef = 28CC54C9201B4282007C75BF /* AlertDetailsController.swift */; };
		28CC54CC201B5568007C75BF /* AlertsController.swift in Sources */ = {isa = PBXBuildFile; fileRef = 28CC54CB201B5568007C75BF /* AlertsController.swift */; };
/* End PBXBuildFile section */

/* Begin PBXFileReference section */
		28CC5487200383B9007C75BF /* CoinObserver.app */ = {isa = PBXFileReference; explicitFileType = wrapper.application; includeInIndex = 0; path = CoinObserver.app; sourceTree = BUILT_PRODUCTS_DIR; };
		28CC548A200383B9007C75BF /* AppDelegate.swift */ = {isa = PBXFileReference; lastKnownFileType = sourcecode.swift; path = AppDelegate.swift; sourceTree = "<group>"; };
		28CC548C200383B9007C75BF /* ViewController.swift */ = {isa = PBXFileReference; lastKnownFileType = sourcecode.swift; path = ViewController.swift; sourceTree = "<group>"; };
		28CC548F200383B9007C75BF /* Base */ = {isa = PBXFileReference; lastKnownFileType = file.storyboard; name = Base; path = Base.lproj/Main.storyboard; sourceTree = "<group>"; };
		28CC5492200383B9007C75BF /* CoinObserver.xcdatamodel */ = {isa = PBXFileReference; lastKnownFileType = wrapper.xcdatamodel; path = CoinObserver.xcdatamodel; sourceTree = "<group>"; };
		28CC5494200383B9007C75BF /* Assets.xcassets */ = {isa = PBXFileReference; lastKnownFileType = folder.assetcatalog; path = Assets.xcassets; sourceTree = "<group>"; };
		28CC5497200383B9007C75BF /* Base */ = {isa = PBXFileReference; lastKnownFileType = file.storyboard; name = Base; path = Base.lproj/LaunchScreen.storyboard; sourceTree = "<group>"; };
		28CC5499200383B9007C75BF /* Info.plist */ = {isa = PBXFileReference; lastKnownFileType = text.plist.xml; path = Info.plist; sourceTree = "<group>"; };
		28CC54B2200A570A007C75BF /* CoinInfoInteractor.swift */ = {isa = PBXFileReference; fileEncoding = 4; lastKnownFileType = sourcecode.swift; path = CoinInfoInteractor.swift; sourceTree = "<group>"; };
		28CC54C72018F035007C75BF /* AlertManager.swift */ = {isa = PBXFileReference; fileEncoding = 4; lastKnownFileType = sourcecode.swift; path = AlertManager.swift; sourceTree = "<group>"; };
		28CC54C9201B4282007C75BF /* AlertDetailsController.swift */ = {isa = PBXFileReference; fileEncoding = 4; lastKnownFileType = sourcecode.swift; path = AlertDetailsController.swift; sourceTree = "<group>"; };
		28CC54CB201B5568007C75BF /* AlertsController.swift */ = {isa = PBXFileReference; fileEncoding = 4; lastKnownFileType = sourcecode.swift; path = AlertsController.swift; sourceTree = "<group>"; };
/* End PBXFileReference section */

/* Begin PBXFrameworksBuildPhase section */
		28CC5484200383B9007C75BF /* Frameworks */ = {
			isa = PBXFrameworksBuildPhase;
			buildActionMask = 2147483647;
			files = (
			);
			runOnlyForDeploymentPostprocessing = 0;
		};
/* End PBXFrameworksBuildPhase section */

/* Begin PBXGroup section */
		28CC547E200383B9007C75BF = {
			isa = PBXGroup;
			children = (
				28CC5489200383B9007C75BF /* CoinObserver */,
				28CC5488200383B9007C75BF /* Products */,
			);
			sourceTree = "<group>";
		};
		28CC5488200383B9007C75BF /* Products */ = {
			isa = PBXGroup;
			children = (
				28CC5487200383B9007C75BF /* CoinObserver.app */,
			);
			name = Products;
			sourceTree = "<group>";
		};
		28CC5489200383B9007C75BF /* CoinObserver */ = {
			isa = PBXGroup;
			children = (
				28CC548A200383B9007C75BF /* AppDelegate.swift */,
				28CC548C200383B9007C75BF /* ViewController.swift */,
				28CC548E200383B9007C75BF /* Main.storyboard */,
				28CC54C72018F035007C75BF /* AlertManager.swift */,
				28CC5494200383B9007C75BF /* Assets.xcassets */,
				28CC5496200383B9007C75BF /* LaunchScreen.storyboard */,
				28CC5499200383B9007C75BF /* Info.plist */,
				28CC5491200383B9007C75BF /* CoinObserver.xcdatamodeld */,
				28CC54B2200A570A007C75BF /* CoinInfoInteractor.swift */,
				28CC54C9201B4282007C75BF /* AlertDetailsController.swift */,
				28CC54CB201B5568007C75BF /* AlertsController.swift */,
			);
			path = CoinObserver;
			sourceTree = "<group>";
		};
/* End PBXGroup section */

/* Begin PBXNativeTarget section */
		28CC5486200383B9007C75BF /* CoinObserver */ = {
			isa = PBXNativeTarget;
			buildConfigurationList = 28CC549C200383B9007C75BF /* Build configuration list for PBXNativeTarget "CoinObserver" */;
			buildPhases = (
				28CC5483200383B9007C75BF /* Sources */,
				28CC5484200383B9007C75BF /* Frameworks */,
				28CC5485200383B9007C75BF /* Resources */,
			);
			buildRules = (
			);
			dependencies = (
			);
			name = CoinObserver;
			productName = CoinObserver;
			productReference = 28CC5487200383B9007C75BF /* CoinObserver.app */;
			productType = "com.apple.product-type.application";
		};
/* End PBXNativeTarget section */

/* Begin PBXProject section */
		28CC547F200383B9007C75BF /* Project object */ = {
			isa = PBXProject;
			attributes = {
				LastSwiftUpdateCheck = 0830;
				LastUpgradeCheck = 0830;
				ORGANIZATIONNAME = ReseaSoft;
				TargetAttributes = {
					28CC5486200383B9007C75BF = {
						CreatedOnToolsVersion = 8.3.2;
						DevelopmentTeam = C5AAPQ96BE;
						ProvisioningStyle = Automatic;
					};
				};
			};
			buildConfigurationList = 28CC5482200383B9007C75BF /* Build configuration list for PBXProject "CoinObserver" */;
			compatibilityVersion = "Xcode 3.2";
			developmentRegion = English;
			hasScannedForEncodings = 0;
			knownRegions = (
				en,
				Base,
			);
			mainGroup = 28CC547E200383B9007C75BF;
			productRefGroup = 28CC5488200383B9007C75BF /* Products */;
			projectDirPath = "";
			projectRoot = "";
			targets = (
				28CC5486200383B9007C75BF /* CoinObserver */,
			);
		};
/* End PBXProject section */

/* Begin PBXResourcesBuildPhase section */
		28CC5485200383B9007C75BF /* Resources */ = {
			isa = PBXResourcesBuildPhase;
			buildActionMask = 2147483647;
			files = (
				28CC5498200383B9007C75BF /* LaunchScreen.storyboard in Resources */,
				28CC5495200383B9007C75BF /* Assets.xcassets in Resources */,
				28CC5490200383B9007C75BF /* Main.storyboard in Resources */,
			);
			runOnlyForDeploymentPostprocessing = 0;
		};
/* End PBXResourcesBuildPhase section */

/* Begin PBXSourcesBuildPhase section */
		28CC5483200383B9007C75BF /* Sources */ = {
			isa = PBXSourcesBuildPhase;
			buildActionMask = 2147483647;
			files = (
				28CC54CC201B5568007C75BF /* AlertsController.swift in Sources */,
				28CC5493200383B9007C75BF /* CoinObserver.xcdatamodeld in Sources */,
				28CC548D200383B9007C75BF /* ViewController.swift in Sources */,
				28CC54C82018F035007C75BF /* AlertManager.swift in Sources */,
				28CC54CA201B4282007C75BF /* AlertDetailsController.swift in Sources */,
				28CC548B200383B9007C75BF /* AppDelegate.swift in Sources */,
				28CC54B3200A570A007C75BF /* CoinInfoInteractor.swift in Sources */,
			);
			runOnlyForDeploymentPostprocessing = 0;
		};
/* End PBXSourcesBuildPhase section */

/* Begin PBXVariantGroup section */
		28CC548E200383B9007C75BF /* Main.storyboard */ = {
			isa = PBXVariantGroup;
			children = (
				28CC548F200383B9007C75BF /* Base */,
			);
			name = Main.storyboard;
			sourceTree = "<group>";
		};
		28CC5496200383B9007C75BF /* LaunchScreen.storyboard */ = {
			isa = PBXVariantGroup;
			children = (
				28CC5497200383B9007C75BF /* Base */,
			);
			name = LaunchScreen.storyboard;
			sourceTree = "<group>";
		};
/* End PBXVariantGroup section */

/* Begin XCBuildConfiguration section */
		28CC549A200383B9007C75BF /* Debug */ = {
			isa = XCBuildConfiguration;
			buildSettings = {
				ALWAYS_SEARCH_USER_PATHS = NO;
				CLANG_ANALYZER_NONNULL = YES;
				CLANG_ANALYZER_NUMBER_OBJECT_CONVERSION = YES_AGGRESSIVE;
				CLANG_CXX_LANGUAGE_STANDARD = "gnu++0x";
				CLANG_CXX_LIBRARY = "libc++";
				CLANG_ENABLE_MODULES = YES;
				CLANG_ENABLE_OBJC_ARC = YES;
				CLANG_WARN_BOOL_CONVERSION = YES;
				CLANG_WARN_CONSTANT_CONVERSION = YES;
				CLANG_WARN_DIRECT_OBJC_ISA_USAGE = YES_ERROR;
				CLANG_WARN_DOCUMENTATION_COMMENTS = YES;
				CLANG_WARN_EMPTY_BODY = YES;
				CLANG_WARN_ENUM_CONVERSION = YES;
				CLANG_WARN_INFINITE_RECURSION = YES;
				CLANG_WARN_INT_CONVERSION = YES;
				CLANG_WARN_OBJC_ROOT_CLASS = YES_ERROR;
				CLANG_WARN_SUSPICIOUS_MOVE = YES;
				CLANG_WARN_UNREACHABLE_CODE = YES;
				CLANG_WARN__DUPLICATE_METHOD_MATCH = YES;
				"CODE_SIGN_IDENTITY[sdk=iphoneos*]" = "iPhone Developer";
				COPY_PHASE_STRIP = NO;
				DEBUG_INFORMATION_FORMAT = dwarf;
				ENABLE_STRICT_OBJC_MSGSEND = YES;
				ENABLE_TESTABILITY = YES;
				GCC_C_LANGUAGE_STANDARD = gnu99;
				GCC_DYNAMIC_NO_PIC = NO;
				GCC_NO_COMMON_BLOCKS = YES;
				GCC_OPTIMIZATION_LEVEL = 0;
				GCC_PREPROCESSOR_DEFINITIONS = (
					"DEBUG=1",
					"$(inherited)",
				);
				GCC_WARN_64_TO_32_BIT_CONVERSION = YES;
				GCC_WARN_ABOUT_RETURN_TYPE = YES_ERROR;
				GCC_WARN_UNDECLARED_SELECTOR = YES;
				GCC_WARN_UNINITIALIZED_AUTOS = YES_AGGRESSIVE;
				GCC_WARN_UNUSED_FUNCTION = YES;
				GCC_WARN_UNUSED_VARIABLE = YES;
				IPHONEOS_DEPLOYMENT_TARGET = 10.3;
				MTL_ENABLE_DEBUG_INFO = YES;
				ONLY_ACTIVE_ARCH = YES;
				SDKROOT = iphoneos;
				SWIFT_ACTIVE_COMPILATION_CONDITIONS = DEBUG;
				SWIFT_OPTIMIZATION_LEVEL = "-Onone";
				TARGETED_DEVICE_FAMILY = "1,2";
			};
			name = Debug;
		};
		28CC549B200383B9007C75BF /* Release */ = {
			isa = XCBuildConfiguration;
			buildSettings = {
				ALWAYS_SEARCH_USER_PATHS = NO;
				CLANG_ANALYZER_NONNULL = YES;
				CLANG_ANALYZER_NUMBER_OBJECT_CONVERSION = YES_AGGRESSIVE;
				CLANG_CXX_LANGUAGE_STANDARD = "gnu++0x";
				CLANG_CXX_LIBRARY = "libc++";
				CLANG_ENABLE_MODULES = YES;
				CLANG_ENABLE_OBJC_ARC = YES;
				CLANG_WARN_BOOL_CONVERSION = YES;
				CLANG_WARN_CONSTANT_CONVERSION = YES;
				CLANG_WARN_DIRECT_OBJC_ISA_USAGE = YES_ERROR;
				CLANG_WARN_DOCUMENTATION_COMMENTS = YES;
				CLANG_WARN_EMPTY_BODY = YES;
				CLANG_WARN_ENUM_CONVERSION = YES;
				CLANG_WARN_INFINITE_RECURSION = YES;
				CLANG_WARN_INT_CONVERSION = YES;
				CLANG_WARN_OBJC_ROOT_CLASS = YES_ERROR;
				CLANG_WARN_SUSPICIOUS_MOVE = YES;
				CLANG_WARN_UNREACHABLE_CODE = YES;
				CLANG_WARN__DUPLICATE_METHOD_MATCH = YES;
				"CODE_SIGN_IDENTITY[sdk=iphoneos*]" = "iPhone Developer";
				COPY_PHASE_STRIP = NO;
				DEBUG_INFORMATION_FORMAT = "dwarf-with-dsym";
				ENABLE_NS_ASSERTIONS = NO;
				ENABLE_STRICT_OBJC_MSGSEND = YES;
				GCC_C_LANGUAGE_STANDARD = gnu99;
				GCC_NO_COMMON_BLOCKS = YES;
				GCC_WARN_64_TO_32_BIT_CONVERSION = YES;
				GCC_WARN_ABOUT_RETURN_TYPE = YES_ERROR;
				GCC_WARN_UNDECLARED_SELECTOR = YES;
				GCC_WARN_UNINITIALIZED_AUTOS = YES_AGGRESSIVE;
				GCC_WARN_UNUSED_FUNCTION = YES;
				GCC_WARN_UNUSED_VARIABLE = YES;
				IPHONEOS_DEPLOYMENT_TARGET = 10.3;
				MTL_ENABLE_DEBUG_INFO = NO;
				SDKROOT = iphoneos;
				SWIFT_OPTIMIZATION_LEVEL = "-Owholemodule";
				TARGETED_DEVICE_FAMILY = "1,2";
				VALIDATE_PRODUCT = YES;
			};
			name = Release;
		};
		28CC549D200383B9007C75BF /* Debug */ = {
			isa = XCBuildConfiguration;
			buildSettings = {
				ASSETCATALOG_COMPILER_APPICON_NAME = AppIcon;
				DEVELOPMENT_TEAM = C5AAPQ96BE;
				INFOPLIST_FILE = CoinObserver/Info.plist;
				LD_RUNPATH_SEARCH_PATHS = "$(inherited) @executable_path/Frameworks";
				PRODUCT_BUNDLE_IDENTIFIER = com.reseasoft.CoinObserver;
				PRODUCT_NAME = "$(TARGET_NAME)";
				SWIFT_VERSION = 3.0;
			};
			name = Debug;
		};
		28CC549E200383B9007C75BF /* Release */ = {
			isa = XCBuildConfiguration;
			buildSettings = {
				ASSETCATALOG_COMPILER_APPICON_NAME = AppIcon;
				DEVELOPMENT_TEAM = C5AAPQ96BE;
				INFOPLIST_FILE = CoinObserver/Info.plist;
				LD_RUNPATH_SEARCH_PATHS = "$(inherited) @executable_path/Frameworks";
				PRODUCT_BUNDLE_IDENTIFIER = com.reseasoft.CoinObserver;
				PRODUCT_NAME = "$(TARGET_NAME)";
				SWIFT_VERSION = 3.0;
			};
			name = Release;
		};
/* End XCBuildConfiguration section */

/* Begin XCConfigurationList section */
		28CC5482200383B9007C75BF /* Build configuration list for PBXProject "CoinObserver" */ = {
			isa = XCConfigurationList;
			buildConfigurations = (
				28CC549A200383B9007C75BF /* Debug */,
				28CC549B200383B9007C75BF /* Release */,
			);
			defaultConfigurationIsVisible = 0;
			defaultConfigurationName = Release;
		};
		28CC549C200383B9007C75BF /* Build configuration list for PBXNativeTarget "CoinObserver" */ = {
			isa = XCConfigurationList;
			buildConfigurations = (
				28CC549D200383B9007C75BF /* Debug */,
				28CC549E200383B9007C75BF /* Release */,
			);
			defaultConfigurationIsVisible = 0;
			defaultConfigurationName = Release;
		};
/* End XCConfigurationList section */

/* Begin XCVersionGroup section */
		28CC5491200383B9007C75BF /* CoinObserver.xcdatamodeld */ = {
			isa = XCVersionGroup;
			children = (
				28CC5492200383B9007C75BF /* CoinObserver.xcdatamodel */,
			);
			currentVersion = 28CC5492200383B9007C75BF /* CoinObserver.xcdatamodel */;
			path = CoinObserver.xcdatamodeld;
			sourceTree = "<group>";
			versionGroupType = wrapper.xcdatamodel;
		};
/* End XCVersionGroup section */
	};
	rootObject = 28CC547F200383B9007C75BF /* Project object */;
}
